// !$*UTF8*$!
{
	archiveVersion = 1;
	classes = {
	};
	objectVersion = 51;
	objects = {

/* Begin PBXBuildFile section */
		8413E1ED2B2FE3BF22A2F896 /* Pods_RedditUIKitTests.framework in Frameworks */ = {isa = PBXBuildFile; fileRef = 0F4E73332CE7559EB945FEE0 /* Pods_RedditUIKitTests.framework */; };
		A51A6E612339BCF000764052 /* Podfile in Resources */ = {isa = PBXBuildFile; fileRef = A51A6E602339BCF000764052 /* Podfile */; };
		A51A6E66233ACBFF00764052 /* CustomCellView.xib in Resources */ = {isa = PBXBuildFile; fileRef = A51A6E65233ACBFF00764052 /* CustomCellView.xib */; };
		A51A6E68233ACC5F00764052 /* CustomViewCell.swift in Sources */ = {isa = PBXBuildFile; fileRef = A51A6E67233ACC5F00764052 /* CustomViewCell.swift */; };
		A51A6E6B233ADB6500764052 /* DetailViewController.swift in Sources */ = {isa = PBXBuildFile; fileRef = A51A6E69233ADB6500764052 /* DetailViewController.swift */; };
		A51A6E6C233ADB6500764052 /* DetailViewModel.swift in Sources */ = {isa = PBXBuildFile; fileRef = A51A6E6A233ADB6500764052 /* DetailViewModel.swift */; };
		A51A6E6E233ADD4000764052 /* DetailViewController.storyboard in Resources */ = {isa = PBXBuildFile; fileRef = A51A6E6D233ADD4000764052 /* DetailViewController.storyboard */; };
		A51A6E72233B119900764052 /* DetailListing.swift in Sources */ = {isa = PBXBuildFile; fileRef = A51A6E71233B119800764052 /* DetailListing.swift */; };
		A58C1F3B233974E4005C8762 /* AppDelegate.swift in Sources */ = {isa = PBXBuildFile; fileRef = A58C1F3A233974E4005C8762 /* AppDelegate.swift */; };
		A58C1F3D233974E4005C8762 /* SceneDelegate.swift in Sources */ = {isa = PBXBuildFile; fileRef = A58C1F3C233974E4005C8762 /* SceneDelegate.swift */; };
		A58C1F3F233974E4005C8762 /* ViewController.swift in Sources */ = {isa = PBXBuildFile; fileRef = A58C1F3E233974E4005C8762 /* ViewController.swift */; };
		A58C1F42233974E4005C8762 /* Main.storyboard in Resources */ = {isa = PBXBuildFile; fileRef = A58C1F40233974E4005C8762 /* Main.storyboard */; };
		A58C1F44233974E4005C8762 /* Assets.xcassets in Resources */ = {isa = PBXBuildFile; fileRef = A58C1F43233974E4005C8762 /* Assets.xcassets */; };
		A58C1F47233974E4005C8762 /* LaunchScreen.storyboard in Resources */ = {isa = PBXBuildFile; fileRef = A58C1F45233974E4005C8762 /* LaunchScreen.storyboard */; };
		A58C1F52233974E5005C8762 /* RedditUIKitTests.swift in Sources */ = {isa = PBXBuildFile; fileRef = A58C1F51233974E5005C8762 /* RedditUIKitTests.swift */; };
		A58C1F5D233974E5005C8762 /* RedditUIKitUITests.swift in Sources */ = {isa = PBXBuildFile; fileRef = A58C1F5C233974E5005C8762 /* RedditUIKitUITests.swift */; };
		A58C1F7023397774005C8762 /* Post.swift in Sources */ = {isa = PBXBuildFile; fileRef = A58C1F6C23397774005C8762 /* Post.swift */; };
		A58C1F7123397774005C8762 /* Comment.swift in Sources */ = {isa = PBXBuildFile; fileRef = A58C1F6D23397774005C8762 /* Comment.swift */; };
		A58C1F7223397774005C8762 /* Listing.swift in Sources */ = {isa = PBXBuildFile; fileRef = A58C1F6E23397774005C8762 /* Listing.swift */; };
		A58C1F762339791A005C8762 /* RedditApi.swift in Sources */ = {isa = PBXBuildFile; fileRef = A58C1F752339791A005C8762 /* RedditApi.swift */; };
		A5AC911923397B37007A1F60 /* ListViewController.storyboard in Resources */ = {isa = PBXBuildFile; fileRef = A5AC911823397B37007A1F60 /* ListViewController.storyboard */; };
		A5AC911B23397B3F007A1F60 /* ListViewController.swift in Sources */ = {isa = PBXBuildFile; fileRef = A5AC911A23397B3F007A1F60 /* ListViewController.swift */; };
		A5AC911D23397B45007A1F60 /* ListViewModel.swift in Sources */ = {isa = PBXBuildFile; fileRef = A5AC911C23397B45007A1F60 /* ListViewModel.swift */; };
		A5AC911F23397F56007A1F60 /* RedditRequest.swift in Sources */ = {isa = PBXBuildFile; fileRef = A5AC911E23397F56007A1F60 /* RedditRequest.swift */; };
		A5AC91242339833A007A1F60 /* StoryboardInstantiable.swift in Sources */ = {isa = PBXBuildFile; fileRef = A5AC91212339833A007A1F60 /* StoryboardInstantiable.swift */; };
		A5AC91252339833A007A1F60 /* RxHelpers.swift in Sources */ = {isa = PBXBuildFile; fileRef = A5AC91222339833A007A1F60 /* RxHelpers.swift */; };
		A5AC91262339833A007A1F60 /* SessionExtension.swift in Sources */ = {isa = PBXBuildFile; fileRef = A5AC91232339833A007A1F60 /* SessionExtension.swift */; };
		DB1D48942303409FBE8DD1BE /* Pods_RedditUIKitUITests.framework in Frameworks */ = {isa = PBXBuildFile; fileRef = CFDE256BC09FBB9965136443 /* Pods_RedditUIKitUITests.framework */; };
		E67D3B7BE8258C4E528FC2B4 /* Pods_RedditUIKit.framework in Frameworks */ = {isa = PBXBuildFile; fileRef = 1AF778C8687ED42BBB607A10 /* Pods_RedditUIKit.framework */; };
/* End PBXBuildFile section */

/* Begin PBXContainerItemProxy section */
		A58C1F4E233974E4005C8762 /* PBXContainerItemProxy */ = {
			isa = PBXContainerItemProxy;
			containerPortal = A58C1F2F233974E4005C8762 /* Project object */;
			proxyType = 1;
			remoteGlobalIDString = A58C1F36233974E4005C8762;
			remoteInfo = RedditUIKit;
		};
		A58C1F59233974E5005C8762 /* PBXContainerItemProxy */ = {
			isa = PBXContainerItemProxy;
			containerPortal = A58C1F2F233974E4005C8762 /* Project object */;
			proxyType = 1;
			remoteGlobalIDString = A58C1F36233974E4005C8762;
			remoteInfo = RedditUIKit;
		};
/* End PBXContainerItemProxy section */

/* Begin PBXFileReference section */
		04B0F6B01581C9C275690A5E /* Pods-RedditUIKit.debug.xcconfig */ = {isa = PBXFileReference; includeInIndex = 1; lastKnownFileType = text.xcconfig; name = "Pods-RedditUIKit.debug.xcconfig"; path = "Target Support Files/Pods-RedditUIKit/Pods-RedditUIKit.debug.xcconfig"; sourceTree = "<group>"; };
		0F4E73332CE7559EB945FEE0 /* Pods_RedditUIKitTests.framework */ = {isa = PBXFileReference; explicitFileType = wrapper.framework; includeInIndex = 0; path = Pods_RedditUIKitTests.framework; sourceTree = BUILT_PRODUCTS_DIR; };
		1AF778C8687ED42BBB607A10 /* Pods_RedditUIKit.framework */ = {isa = PBXFileReference; explicitFileType = wrapper.framework; includeInIndex = 0; path = Pods_RedditUIKit.framework; sourceTree = BUILT_PRODUCTS_DIR; };
		29660DDFAE5F68130EA4F118 /* Pods-RedditUIKitUITests.debug.xcconfig */ = {isa = PBXFileReference; includeInIndex = 1; lastKnownFileType = text.xcconfig; name = "Pods-RedditUIKitUITests.debug.xcconfig"; path = "Target Support Files/Pods-RedditUIKitUITests/Pods-RedditUIKitUITests.debug.xcconfig"; sourceTree = "<group>"; };
		35825A96B858CC990F0EB564 /* Pods-RedditUIKitUITests.release.xcconfig */ = {isa = PBXFileReference; includeInIndex = 1; lastKnownFileType = text.xcconfig; name = "Pods-RedditUIKitUITests.release.xcconfig"; path = "Target Support Files/Pods-RedditUIKitUITests/Pods-RedditUIKitUITests.release.xcconfig"; sourceTree = "<group>"; };
		387B830F0F83EBBAEF0773E4 /* Pods-RedditUIKit.release.xcconfig */ = {isa = PBXFileReference; includeInIndex = 1; lastKnownFileType = text.xcconfig; name = "Pods-RedditUIKit.release.xcconfig"; path = "Target Support Files/Pods-RedditUIKit/Pods-RedditUIKit.release.xcconfig"; sourceTree = "<group>"; };
		687E217B9EA7F808B41D8BE8 /* Pods-RedditUIKitTests.debug.xcconfig */ = {isa = PBXFileReference; includeInIndex = 1; lastKnownFileType = text.xcconfig; name = "Pods-RedditUIKitTests.debug.xcconfig"; path = "Target Support Files/Pods-RedditUIKitTests/Pods-RedditUIKitTests.debug.xcconfig"; sourceTree = "<group>"; };
		92BA39E8202A730B637B8387 /* Pods-RedditUIKitTests.release.xcconfig */ = {isa = PBXFileReference; includeInIndex = 1; lastKnownFileType = text.xcconfig; name = "Pods-RedditUIKitTests.release.xcconfig"; path = "Target Support Files/Pods-RedditUIKitTests/Pods-RedditUIKitTests.release.xcconfig"; sourceTree = "<group>"; };
		A51A6E602339BCF000764052 /* Podfile */ = {isa = PBXFileReference; fileEncoding = 4; lastKnownFileType = text; path = Podfile; sourceTree = "<group>"; };
		A51A6E65233ACBFF00764052 /* CustomCellView.xib */ = {isa = PBXFileReference; fileEncoding = 4; lastKnownFileType = file.xib; path = CustomCellView.xib; sourceTree = "<group>"; };
		A51A6E67233ACC5F00764052 /* CustomViewCell.swift */ = {isa = PBXFileReference; lastKnownFileType = sourcecode.swift; path = CustomViewCell.swift; sourceTree = "<group>"; };
		A51A6E69233ADB6500764052 /* DetailViewController.swift */ = {isa = PBXFileReference; fileEncoding = 4; lastKnownFileType = sourcecode.swift; path = DetailViewController.swift; sourceTree = "<group>"; };
		A51A6E6A233ADB6500764052 /* DetailViewModel.swift */ = {isa = PBXFileReference; fileEncoding = 4; lastKnownFileType = sourcecode.swift; path = DetailViewModel.swift; sourceTree = "<group>"; };
		A51A6E6D233ADD4000764052 /* DetailViewController.storyboard */ = {isa = PBXFileReference; fileEncoding = 4; lastKnownFileType = file.storyboard; path = DetailViewController.storyboard; sourceTree = "<group>"; };
		A51A6E71233B119800764052 /* DetailListing.swift */ = {isa = PBXFileReference; fileEncoding = 4; lastKnownFileType = sourcecode.swift; path = DetailListing.swift; sourceTree = "<group>"; };
		A58C1F37233974E4005C8762 /* RedditUIKit.app */ = {isa = PBXFileReference; explicitFileType = wrapper.application; includeInIndex = 0; path = RedditUIKit.app; sourceTree = BUILT_PRODUCTS_DIR; };
		A58C1F3A233974E4005C8762 /* AppDelegate.swift */ = {isa = PBXFileReference; lastKnownFileType = sourcecode.swift; path = AppDelegate.swift; sourceTree = "<group>"; };
		A58C1F3C233974E4005C8762 /* SceneDelegate.swift */ = {isa = PBXFileReference; lastKnownFileType = sourcecode.swift; path = SceneDelegate.swift; sourceTree = "<group>"; };
		A58C1F3E233974E4005C8762 /* ViewController.swift */ = {isa = PBXFileReference; lastKnownFileType = sourcecode.swift; path = ViewController.swift; sourceTree = "<group>"; };
		A58C1F41233974E4005C8762 /* Base */ = {isa = PBXFileReference; lastKnownFileType = file.storyboard; name = Base; path = Base.lproj/Main.storyboard; sourceTree = "<group>"; };
		A58C1F43233974E4005C8762 /* Assets.xcassets */ = {isa = PBXFileReference; lastKnownFileType = folder.assetcatalog; path = Assets.xcassets; sourceTree = "<group>"; };
		A58C1F46233974E4005C8762 /* Base */ = {isa = PBXFileReference; lastKnownFileType = file.storyboard; name = Base; path = Base.lproj/LaunchScreen.storyboard; sourceTree = "<group>"; };
		A58C1F48233974E4005C8762 /* Info.plist */ = {isa = PBXFileReference; lastKnownFileType = text.plist.xml; path = Info.plist; sourceTree = "<group>"; };
		A58C1F4D233974E4005C8762 /* RedditUIKitTests.xctest */ = {isa = PBXFileReference; explicitFileType = wrapper.cfbundle; includeInIndex = 0; path = RedditUIKitTests.xctest; sourceTree = BUILT_PRODUCTS_DIR; };
		A58C1F51233974E5005C8762 /* RedditUIKitTests.swift */ = {isa = PBXFileReference; lastKnownFileType = sourcecode.swift; path = RedditUIKitTests.swift; sourceTree = "<group>"; };
		A58C1F53233974E5005C8762 /* Info.plist */ = {isa = PBXFileReference; lastKnownFileType = text.plist.xml; path = Info.plist; sourceTree = "<group>"; };
		A58C1F58233974E5005C8762 /* RedditUIKitUITests.xctest */ = {isa = PBXFileReference; explicitFileType = wrapper.cfbundle; includeInIndex = 0; path = RedditUIKitUITests.xctest; sourceTree = BUILT_PRODUCTS_DIR; };
		A58C1F5C233974E5005C8762 /* RedditUIKitUITests.swift */ = {isa = PBXFileReference; lastKnownFileType = sourcecode.swift; path = RedditUIKitUITests.swift; sourceTree = "<group>"; };
		A58C1F5E233974E5005C8762 /* Info.plist */ = {isa = PBXFileReference; lastKnownFileType = text.plist.xml; path = Info.plist; sourceTree = "<group>"; };
		A58C1F6C23397774005C8762 /* Post.swift */ = {isa = PBXFileReference; fileEncoding = 4; lastKnownFileType = sourcecode.swift; path = Post.swift; sourceTree = "<group>"; };
		A58C1F6D23397774005C8762 /* Comment.swift */ = {isa = PBXFileReference; fileEncoding = 4; lastKnownFileType = sourcecode.swift; path = Comment.swift; sourceTree = "<group>"; };
		A58C1F6E23397774005C8762 /* Listing.swift */ = {isa = PBXFileReference; fileEncoding = 4; lastKnownFileType = sourcecode.swift; path = Listing.swift; sourceTree = "<group>"; };
		A58C1F752339791A005C8762 /* RedditApi.swift */ = {isa = PBXFileReference; fileEncoding = 4; lastKnownFileType = sourcecode.swift; path = RedditApi.swift; sourceTree = "<group>"; };
		A5AC911823397B37007A1F60 /* ListViewController.storyboard */ = {isa = PBXFileReference; fileEncoding = 4; lastKnownFileType = file.storyboard; path = ListViewController.storyboard; sourceTree = "<group>"; };
		A5AC911A23397B3F007A1F60 /* ListViewController.swift */ = {isa = PBXFileReference; fileEncoding = 4; lastKnownFileType = sourcecode.swift; path = ListViewController.swift; sourceTree = "<group>"; };
		A5AC911C23397B45007A1F60 /* ListViewModel.swift */ = {isa = PBXFileReference; fileEncoding = 4; lastKnownFileType = sourcecode.swift; path = ListViewModel.swift; sourceTree = "<group>"; };
		A5AC911E23397F56007A1F60 /* RedditRequest.swift */ = {isa = PBXFileReference; lastKnownFileType = sourcecode.swift; path = RedditRequest.swift; sourceTree = "<group>"; };
		A5AC91212339833A007A1F60 /* StoryboardInstantiable.swift */ = {isa = PBXFileReference; fileEncoding = 4; lastKnownFileType = sourcecode.swift; path = StoryboardInstantiable.swift; sourceTree = "<group>"; };
		A5AC91222339833A007A1F60 /* RxHelpers.swift */ = {isa = PBXFileReference; fileEncoding = 4; lastKnownFileType = sourcecode.swift; path = RxHelpers.swift; sourceTree = "<group>"; };
		A5AC91232339833A007A1F60 /* SessionExtension.swift */ = {isa = PBXFileReference; fileEncoding = 4; lastKnownFileType = sourcecode.swift; path = SessionExtension.swift; sourceTree = "<group>"; };
		CFDE256BC09FBB9965136443 /* Pods_RedditUIKitUITests.framework */ = {isa = PBXFileReference; explicitFileType = wrapper.framework; includeInIndex = 0; path = Pods_RedditUIKitUITests.framework; sourceTree = BUILT_PRODUCTS_DIR; };
/* End PBXFileReference section */

/* Begin PBXFrameworksBuildPhase section */
		A58C1F34233974E4005C8762 /* Frameworks */ = {
			isa = PBXFrameworksBuildPhase;
			buildActionMask = 2147483647;
			files = (
				E67D3B7BE8258C4E528FC2B4 /* Pods_RedditUIKit.framework in Frameworks */,
			);
			runOnlyForDeploymentPostprocessing = 0;
		};
		A58C1F4A233974E4005C8762 /* Frameworks */ = {
			isa = PBXFrameworksBuildPhase;
			buildActionMask = 2147483647;
			files = (
				8413E1ED2B2FE3BF22A2F896 /* Pods_RedditUIKitTests.framework in Frameworks */,
			);
			runOnlyForDeploymentPostprocessing = 0;
		};
		A58C1F55233974E5005C8762 /* Frameworks */ = {
			isa = PBXFrameworksBuildPhase;
			buildActionMask = 2147483647;
			files = (
				DB1D48942303409FBE8DD1BE /* Pods_RedditUIKitUITests.framework in Frameworks */,
			);
			runOnlyForDeploymentPostprocessing = 0;
		};
/* End PBXFrameworksBuildPhase section */

/* Begin PBXGroup section */
		7908494F16A06EA5C17146DE /* Frameworks */ = {
			isa = PBXGroup;
			children = (
				1AF778C8687ED42BBB607A10 /* Pods_RedditUIKit.framework */,
				0F4E73332CE7559EB945FEE0 /* Pods_RedditUIKitTests.framework */,
				CFDE256BC09FBB9965136443 /* Pods_RedditUIKitUITests.framework */,
			);
			name = Frameworks;
			sourceTree = "<group>";
		};
		A51A6E64233ACBF400764052 /* Views */ = {
			isa = PBXGroup;
			children = (
				A51A6E65233ACBFF00764052 /* CustomCellView.xib */,
			);
			path = Views;
			sourceTree = "<group>";
		};
		A58C1F2E233974E4005C8762 = {
			isa = PBXGroup;
			children = (
				A51A6E602339BCF000764052 /* Podfile */,
				A58C1F39233974E4005C8762 /* RedditUIKit */,
				A58C1F50233974E5005C8762 /* RedditUIKitTests */,
				A58C1F5B233974E5005C8762 /* RedditUIKitUITests */,
				A58C1F38233974E4005C8762 /* Products */,
				B7930684095BD78D8517F6DB /* Pods */,
				7908494F16A06EA5C17146DE /* Frameworks */,
			);
			sourceTree = "<group>";
		};
		A58C1F38233974E4005C8762 /* Products */ = {
			isa = PBXGroup;
			children = (
				A58C1F37233974E4005C8762 /* RedditUIKit.app */,
				A58C1F4D233974E4005C8762 /* RedditUIKitTests.xctest */,
				A58C1F58233974E5005C8762 /* RedditUIKitUITests.xctest */,
			);
			name = Products;
			sourceTree = "<group>";
		};
		A58C1F39233974E4005C8762 /* RedditUIKit */ = {
			isa = PBXGroup;
			children = (
				A51A6E64233ACBF400764052 /* Views */,
				A5AC91202339832C007A1F60 /* Extensions */,
				A5AC911723397B20007A1F60 /* ViewModels */,
				A5AC911523397B02007A1F60 /* Controllers */,
				A58C1F7423397902005C8762 /* APIs */,
				A58C1F6B233976DD005C8762 /* Models */,
				A58C1F3A233974E4005C8762 /* AppDelegate.swift */,
				A58C1F3C233974E4005C8762 /* SceneDelegate.swift */,
				A58C1F40233974E4005C8762 /* Main.storyboard */,
				A58C1F43233974E4005C8762 /* Assets.xcassets */,
				A58C1F45233974E4005C8762 /* LaunchScreen.storyboard */,
				A58C1F48233974E4005C8762 /* Info.plist */,
			);
			path = RedditUIKit;
			sourceTree = "<group>";
		};
		A58C1F50233974E5005C8762 /* RedditUIKitTests */ = {
			isa = PBXGroup;
			children = (
				A58C1F51233974E5005C8762 /* RedditUIKitTests.swift */,
				A58C1F53233974E5005C8762 /* Info.plist */,
			);
			path = RedditUIKitTests;
			sourceTree = "<group>";
		};
		A58C1F5B233974E5005C8762 /* RedditUIKitUITests */ = {
			isa = PBXGroup;
			children = (
				A58C1F5C233974E5005C8762 /* RedditUIKitUITests.swift */,
				A58C1F5E233974E5005C8762 /* Info.plist */,
			);
			path = RedditUIKitUITests;
			sourceTree = "<group>";
		};
		A58C1F6B233976DD005C8762 /* Models */ = {
			isa = PBXGroup;
			children = (
				A51A6E71233B119800764052 /* DetailListing.swift */,
				A58C1F6D23397774005C8762 /* Comment.swift */,
				A58C1F6E23397774005C8762 /* Listing.swift */,
				A58C1F6C23397774005C8762 /* Post.swift */,
			);
			path = Models;
			sourceTree = "<group>";
		};
		A58C1F7423397902005C8762 /* APIs */ = {
			isa = PBXGroup;
			children = (
				A58C1F752339791A005C8762 /* RedditApi.swift */,
				A5AC911E23397F56007A1F60 /* RedditRequest.swift */,
			);
			path = APIs;
			sourceTree = "<group>";
		};
		A5AC911523397B02007A1F60 /* Controllers */ = {
			isa = PBXGroup;
			children = (
				A51A6E6D233ADD4000764052 /* DetailViewController.storyboard */,
				A51A6E69233ADB6500764052 /* DetailViewController.swift */,
				A58C1F3E233974E4005C8762 /* ViewController.swift */,
				A5AC911A23397B3F007A1F60 /* ListViewController.swift */,
				A5AC911823397B37007A1F60 /* ListViewController.storyboard */,
			);
			path = Controllers;
			sourceTree = "<group>";
		};
		A5AC911723397B20007A1F60 /* ViewModels */ = {
			isa = PBXGroup;
			children = (
				A51A6E6A233ADB6500764052 /* DetailViewModel.swift */,
				A51A6E67233ACC5F00764052 /* CustomViewCell.swift */,
				A5AC911C23397B45007A1F60 /* ListViewModel.swift */,
			);
			path = ViewModels;
			sourceTree = "<group>";
		};
		A5AC91202339832C007A1F60 /* Extensions */ = {
			isa = PBXGroup;
			children = (
				A5AC91222339833A007A1F60 /* RxHelpers.swift */,
				A5AC91232339833A007A1F60 /* SessionExtension.swift */,
				A5AC91212339833A007A1F60 /* StoryboardInstantiable.swift */,
			);
			path = Extensions;
			sourceTree = "<group>";
		};
		B7930684095BD78D8517F6DB /* Pods */ = {
			isa = PBXGroup;
			children = (
				04B0F6B01581C9C275690A5E /* Pods-RedditUIKit.debug.xcconfig */,
				387B830F0F83EBBAEF0773E4 /* Pods-RedditUIKit.release.xcconfig */,
				687E217B9EA7F808B41D8BE8 /* Pods-RedditUIKitTests.debug.xcconfig */,
				92BA39E8202A730B637B8387 /* Pods-RedditUIKitTests.release.xcconfig */,
				29660DDFAE5F68130EA4F118 /* Pods-RedditUIKitUITests.debug.xcconfig */,
				35825A96B858CC990F0EB564 /* Pods-RedditUIKitUITests.release.xcconfig */,
			);
			path = Pods;
			sourceTree = "<group>";
		};
/* End PBXGroup section */

/* Begin PBXNativeTarget section */
		A58C1F36233974E4005C8762 /* RedditUIKit */ = {
			isa = PBXNativeTarget;
			buildConfigurationList = A58C1F61233974E5005C8762 /* Build configuration list for PBXNativeTarget "RedditUIKit" */;
			buildPhases = (
				9E39456B013073DF017284F4 /* [CP] Check Pods Manifest.lock */,
				A58C1F33233974E4005C8762 /* Sources */,
				A58C1F34233974E4005C8762 /* Frameworks */,
				A58C1F35233974E4005C8762 /* Resources */,
				14A64ECDD85E1829D7E21DC1 /* [CP] Embed Pods Frameworks */,
			);
			buildRules = (
			);
			dependencies = (
			);
			name = RedditUIKit;
			productName = RedditUIKit;
			productReference = A58C1F37233974E4005C8762 /* RedditUIKit.app */;
			productType = "com.apple.product-type.application";
		};
		A58C1F4C233974E4005C8762 /* RedditUIKitTests */ = {
			isa = PBXNativeTarget;
			buildConfigurationList = A58C1F64233974E5005C8762 /* Build configuration list for PBXNativeTarget "RedditUIKitTests" */;
			buildPhases = (
				E0177586CB01865CEBAB1432 /* [CP] Check Pods Manifest.lock */,
				A58C1F49233974E4005C8762 /* Sources */,
				A58C1F4A233974E4005C8762 /* Frameworks */,
				A58C1F4B233974E4005C8762 /* Resources */,
				BB50E6B5FC5AED7D5D655B8E /* [CP] Embed Pods Frameworks */,
			);
			buildRules = (
			);
			dependencies = (
				A58C1F4F233974E4005C8762 /* PBXTargetDependency */,
			);
			name = RedditUIKitTests;
			productName = RedditUIKitTests;
			productReference = A58C1F4D233974E4005C8762 /* RedditUIKitTests.xctest */;
			productType = "com.apple.product-type.bundle.unit-test";
		};
		A58C1F57233974E5005C8762 /* RedditUIKitUITests */ = {
			isa = PBXNativeTarget;
			buildConfigurationList = A58C1F67233974E5005C8762 /* Build configuration list for PBXNativeTarget "RedditUIKitUITests" */;
			buildPhases = (
				880035EBB59717CA4919AE7D /* [CP] Check Pods Manifest.lock */,
				A58C1F54233974E5005C8762 /* Sources */,
				A58C1F55233974E5005C8762 /* Frameworks */,
				A58C1F56233974E5005C8762 /* Resources */,
			);
			buildRules = (
			);
			dependencies = (
				A58C1F5A233974E5005C8762 /* PBXTargetDependency */,
			);
			name = RedditUIKitUITests;
			productName = RedditUIKitUITests;
			productReference = A58C1F58233974E5005C8762 /* RedditUIKitUITests.xctest */;
			productType = "com.apple.product-type.bundle.ui-testing";
		};
/* End PBXNativeTarget section */

/* Begin PBXProject section */
		A58C1F2F233974E4005C8762 /* Project object */ = {
			isa = PBXProject;
			attributes = {
				KnownAssetTags = (
					1,
					2,
				);
				LastSwiftUpdateCheck = 1100;
				LastUpgradeCheck = 1100;
				ORGANIZATIONNAME = itsjehad;
				TargetAttributes = {
					A58C1F36233974E4005C8762 = {
						CreatedOnToolsVersion = 11.0;
					};
					A58C1F4C233974E4005C8762 = {
						CreatedOnToolsVersion = 11.0;
						TestTargetID = A58C1F36233974E4005C8762;
					};
					A58C1F57233974E5005C8762 = {
						CreatedOnToolsVersion = 11.0;
						TestTargetID = A58C1F36233974E4005C8762;
					};
				};
			};
			buildConfigurationList = A58C1F32233974E4005C8762 /* Build configuration list for PBXProject "RedditUIKit" */;
			compatibilityVersion = "Xcode 9.3";
			developmentRegion = en;
			hasScannedForEncodings = 0;
			knownRegions = (
				en,
				Base,
			);
			mainGroup = A58C1F2E233974E4005C8762;
			productRefGroup = A58C1F38233974E4005C8762 /* Products */;
			projectDirPath = "";
			projectRoot = "";
			targets = (
				A58C1F36233974E4005C8762 /* RedditUIKit */,
				A58C1F4C233974E4005C8762 /* RedditUIKitTests */,
				A58C1F57233974E5005C8762 /* RedditUIKitUITests */,
			);
		};
/* End PBXProject section */

/* Begin PBXResourcesBuildPhase section */
		A58C1F35233974E4005C8762 /* Resources */ = {
			isa = PBXResourcesBuildPhase;
			buildActionMask = 2147483647;
			files = (
				A51A6E6E233ADD4000764052 /* DetailViewController.storyboard in Resources */,
				A51A6E612339BCF000764052 /* Podfile in Resources */,
				A58C1F47233974E4005C8762 /* LaunchScreen.storyboard in Resources */,
				A58C1F44233974E4005C8762 /* Assets.xcassets in Resources */,
				A58C1F42233974E4005C8762 /* Main.storyboard in Resources */,
				A5AC911923397B37007A1F60 /* ListViewController.storyboard in Resources */,
				A51A6E66233ACBFF00764052 /* CustomCellView.xib in Resources */,
			);
			runOnlyForDeploymentPostprocessing = 0;
		};
		A58C1F4B233974E4005C8762 /* Resources */ = {
			isa = PBXResourcesBuildPhase;
			buildActionMask = 2147483647;
			files = (
			);
			runOnlyForDeploymentPostprocessing = 0;
		};
		A58C1F56233974E5005C8762 /* Resources */ = {
			isa = PBXResourcesBuildPhase;
			buildActionMask = 2147483647;
			files = (
			);
			runOnlyForDeploymentPostprocessing = 0;
		};
/* End PBXResourcesBuildPhase section */

/* Begin PBXShellScriptBuildPhase section */
		14A64ECDD85E1829D7E21DC1 /* [CP] Embed Pods Frameworks */ = {
			isa = PBXShellScriptBuildPhase;
			buildActionMask = 2147483647;
			files = (
			);
			inputFileListPaths = (
				"${PODS_ROOT}/Target Support Files/Pods-RedditUIKit/Pods-RedditUIKit-frameworks-${CONFIGURATION}-input-files.xcfilelist",
			);
			name = "[CP] Embed Pods Frameworks";
			outputFileListPaths = (
				"${PODS_ROOT}/Target Support Files/Pods-RedditUIKit/Pods-RedditUIKit-frameworks-${CONFIGURATION}-output-files.xcfilelist",
			);
			runOnlyForDeploymentPostprocessing = 0;
			shellPath = /bin/sh;
			shellScript = "\"${PODS_ROOT}/Target Support Files/Pods-RedditUIKit/Pods-RedditUIKit-frameworks.sh\"\n";
			showEnvVarsInLog = 0;
		};
		880035EBB59717CA4919AE7D /* [CP] Check Pods Manifest.lock */ = {
			isa = PBXShellScriptBuildPhase;
			buildActionMask = 2147483647;
			files = (
			);
			inputFileListPaths = (
			);
			inputPaths = (
				"${PODS_PODFILE_DIR_PATH}/Podfile.lock",
				"${PODS_ROOT}/Manifest.lock",
			);
			name = "[CP] Check Pods Manifest.lock";
			outputFileListPaths = (
			);
			outputPaths = (
				"$(DERIVED_FILE_DIR)/Pods-RedditUIKitUITests-checkManifestLockResult.txt",
			);
			runOnlyForDeploymentPostprocessing = 0;
			shellPath = /bin/sh;
			shellScript = "diff \"${PODS_PODFILE_DIR_PATH}/Podfile.lock\" \"${PODS_ROOT}/Manifest.lock\" > /dev/null\nif [ $? != 0 ] ; then\n    # print error to STDERR\n    echo \"error: The sandbox is not in sync with the Podfile.lock. Run 'pod install' or update your CocoaPods installation.\" >&2\n    exit 1\nfi\n# This output is used by Xcode 'outputs' to avoid re-running this script phase.\necho \"SUCCESS\" > \"${SCRIPT_OUTPUT_FILE_0}\"\n";
			showEnvVarsInLog = 0;
		};
		9E39456B013073DF017284F4 /* [CP] Check Pods Manifest.lock */ = {
			isa = PBXShellScriptBuildPhase;
			buildActionMask = 2147483647;
			files = (
			);
			inputFileListPaths = (
			);
			inputPaths = (
				"${PODS_PODFILE_DIR_PATH}/Podfile.lock",
				"${PODS_ROOT}/Manifest.lock",
			);
			name = "[CP] Check Pods Manifest.lock";
			outputFileListPaths = (
			);
			outputPaths = (
				"$(DERIVED_FILE_DIR)/Pods-RedditUIKit-checkManifestLockResult.txt",
			);
			runOnlyForDeploymentPostprocessing = 0;
			shellPath = /bin/sh;
			shellScript = "diff \"${PODS_PODFILE_DIR_PATH}/Podfile.lock\" \"${PODS_ROOT}/Manifest.lock\" > /dev/null\nif [ $? != 0 ] ; then\n    # print error to STDERR\n    echo \"error: The sandbox is not in sync with the Podfile.lock. Run 'pod install' or update your CocoaPods installation.\" >&2\n    exit 1\nfi\n# This output is used by Xcode 'outputs' to avoid re-running this script phase.\necho \"SUCCESS\" > \"${SCRIPT_OUTPUT_FILE_0}\"\n";
			showEnvVarsInLog = 0;
		};
		BB50E6B5FC5AED7D5D655B8E /* [CP] Embed Pods Frameworks */ = {
			isa = PBXShellScriptBuildPhase;
			buildActionMask = 2147483647;
			files = (
			);
			inputFileListPaths = (
				"${PODS_ROOT}/Target Support Files/Pods-RedditUIKitTests/Pods-RedditUIKitTests-frameworks-${CONFIGURATION}-input-files.xcfilelist",
			);
			name = "[CP] Embed Pods Frameworks";
			outputFileListPaths = (
				"${PODS_ROOT}/Target Support Files/Pods-RedditUIKitTests/Pods-RedditUIKitTests-frameworks-${CONFIGURATION}-output-files.xcfilelist",
			);
			runOnlyForDeploymentPostprocessing = 0;
			shellPath = /bin/sh;
			shellScript = "\"${PODS_ROOT}/Target Support Files/Pods-RedditUIKitTests/Pods-RedditUIKitTests-frameworks.sh\"\n";
			showEnvVarsInLog = 0;
		};
		E0177586CB01865CEBAB1432 /* [CP] Check Pods Manifest.lock */ = {
			isa = PBXShellScriptBuildPhase;
			buildActionMask = 2147483647;
			files = (
			);
			inputFileListPaths = (
			);
			inputPaths = (
				"${PODS_PODFILE_DIR_PATH}/Podfile.lock",
				"${PODS_ROOT}/Manifest.lock",
			);
			name = "[CP] Check Pods Manifest.lock";
			outputFileListPaths = (
			);
			outputPaths = (
				"$(DERIVED_FILE_DIR)/Pods-RedditUIKitTests-checkManifestLockResult.txt",
			);
			runOnlyForDeploymentPostprocessing = 0;
			shellPath = /bin/sh;
			shellScript = "diff \"${PODS_PODFILE_DIR_PATH}/Podfile.lock\" \"${PODS_ROOT}/Manifest.lock\" > /dev/null\nif [ $? != 0 ] ; then\n    # print error to STDERR\n    echo \"error: The sandbox is not in sync with the Podfile.lock. Run 'pod install' or update your CocoaPods installation.\" >&2\n    exit 1\nfi\n# This output is used by Xcode 'outputs' to avoid re-running this script phase.\necho \"SUCCESS\" > \"${SCRIPT_OUTPUT_FILE_0}\"\n";
			showEnvVarsInLog = 0;
		};
/* End PBXShellScriptBuildPhase section */

/* Begin PBXSourcesBuildPhase section */
		A58C1F33233974E4005C8762 /* Sources */ = {
			isa = PBXSourcesBuildPhase;
			buildActionMask = 2147483647;
			files = (
				A58C1F762339791A005C8762 /* RedditApi.swift in Sources */,
				A58C1F7123397774005C8762 /* Comment.swift in Sources */,
				A58C1F3F233974E4005C8762 /* ViewController.swift in Sources */,
				A58C1F3B233974E4005C8762 /* AppDelegate.swift in Sources */,
				A58C1F3D233974E4005C8762 /* SceneDelegate.swift in Sources */,
				A5AC911D23397B45007A1F60 /* ListViewModel.swift in Sources */,
				A58C1F7223397774005C8762 /* Listing.swift in Sources */,
				A5AC911F23397F56007A1F60 /* RedditRequest.swift in Sources */,
				A5AC91242339833A007A1F60 /* StoryboardInstantiable.swift in Sources */,
				A51A6E68233ACC5F00764052 /* CustomViewCell.swift in Sources */,
				A5AC911B23397B3F007A1F60 /* ListViewController.swift in Sources */,
				A58C1F7023397774005C8762 /* Post.swift in Sources */,
				A51A6E72233B119900764052 /* DetailListing.swift in Sources */,
				A51A6E6B233ADB6500764052 /* DetailViewController.swift in Sources */,
				A5AC91252339833A007A1F60 /* RxHelpers.swift in Sources */,
				A5AC91262339833A007A1F60 /* SessionExtension.swift in Sources */,
				A51A6E6C233ADB6500764052 /* DetailViewModel.swift in Sources */,
			);
			runOnlyForDeploymentPostprocessing = 0;
		};
		A58C1F49233974E4005C8762 /* Sources */ = {
			isa = PBXSourcesBuildPhase;
			buildActionMask = 2147483647;
			files = (
				A58C1F52233974E5005C8762 /* RedditUIKitTests.swift in Sources */,
			);
			runOnlyForDeploymentPostprocessing = 0;
		};
		A58C1F54233974E5005C8762 /* Sources */ = {
			isa = PBXSourcesBuildPhase;
			buildActionMask = 2147483647;
			files = (
				A58C1F5D233974E5005C8762 /* RedditUIKitUITests.swift in Sources */,
			);
			runOnlyForDeploymentPostprocessing = 0;
		};
/* End PBXSourcesBuildPhase section */

/* Begin PBXTargetDependency section */
		A58C1F4F233974E4005C8762 /* PBXTargetDependency */ = {
			isa = PBXTargetDependency;
			target = A58C1F36233974E4005C8762 /* RedditUIKit */;
			targetProxy = A58C1F4E233974E4005C8762 /* PBXContainerItemProxy */;
		};
		A58C1F5A233974E5005C8762 /* PBXTargetDependency */ = {
			isa = PBXTargetDependency;
			target = A58C1F36233974E4005C8762 /* RedditUIKit */;
			targetProxy = A58C1F59233974E5005C8762 /* PBXContainerItemProxy */;
		};
/* End PBXTargetDependency section */

/* Begin PBXVariantGroup section */
		A58C1F40233974E4005C8762 /* Main.storyboard */ = {
			isa = PBXVariantGroup;
			children = (
				A58C1F41233974E4005C8762 /* Base */,
			);
			name = Main.storyboard;
			sourceTree = "<group>";
		};
		A58C1F45233974E4005C8762 /* LaunchScreen.storyboard */ = {
			isa = PBXVariantGroup;
			children = (
				A58C1F46233974E4005C8762 /* Base */,
			);
			name = LaunchScreen.storyboard;
			sourceTree = "<group>";
		};
/* End PBXVariantGroup section */

/* Begin XCBuildConfiguration section */
		A58C1F5F233974E5005C8762 /* Debug */ = {
			isa = XCBuildConfiguration;
			buildSettings = {
				ALWAYS_SEARCH_USER_PATHS = NO;
				CLANG_ANALYZER_NONNULL = YES;
				CLANG_ANALYZER_NUMBER_OBJECT_CONVERSION = YES_AGGRESSIVE;
				CLANG_CXX_LANGUAGE_STANDARD = "gnu++14";
				CLANG_CXX_LIBRARY = "libc++";
				CLANG_ENABLE_MODULES = YES;
				CLANG_ENABLE_OBJC_ARC = YES;
				CLANG_ENABLE_OBJC_WEAK = YES;
				CLANG_WARN_BLOCK_CAPTURE_AUTORELEASING = YES;
				CLANG_WARN_BOOL_CONVERSION = YES;
				CLANG_WARN_COMMA = YES;
				CLANG_WARN_CONSTANT_CONVERSION = YES;
				CLANG_WARN_DEPRECATED_OBJC_IMPLEMENTATIONS = YES;
				CLANG_WARN_DIRECT_OBJC_ISA_USAGE = YES_ERROR;
				CLANG_WARN_DOCUMENTATION_COMMENTS = YES;
				CLANG_WARN_EMPTY_BODY = YES;
				CLANG_WARN_ENUM_CONVERSION = YES;
				CLANG_WARN_INFINITE_RECURSION = YES;
				CLANG_WARN_INT_CONVERSION = YES;
				CLANG_WARN_NON_LITERAL_NULL_CONVERSION = YES;
				CLANG_WARN_OBJC_IMPLICIT_RETAIN_SELF = YES;
				CLANG_WARN_OBJC_LITERAL_CONVERSION = YES;
				CLANG_WARN_OBJC_ROOT_CLASS = YES_ERROR;
				CLANG_WARN_RANGE_LOOP_ANALYSIS = YES;
				CLANG_WARN_STRICT_PROTOTYPES = YES;
				CLANG_WARN_SUSPICIOUS_MOVE = YES;
				CLANG_WARN_UNGUARDED_AVAILABILITY = YES_AGGRESSIVE;
				CLANG_WARN_UNREACHABLE_CODE = YES;
				CLANG_WARN__DUPLICATE_METHOD_MATCH = YES;
				COPY_PHASE_STRIP = NO;
				DEBUG_INFORMATION_FORMAT = dwarf;
				ENABLE_STRICT_OBJC_MSGSEND = YES;
				ENABLE_TESTABILITY = YES;
				GCC_C_LANGUAGE_STANDARD = gnu11;
				GCC_DYNAMIC_NO_PIC = NO;
				GCC_NO_COMMON_BLOCKS = YES;
				GCC_OPTIMIZATION_LEVEL = 0;
				GCC_PREPROCESSOR_DEFINITIONS = (
					"DEBUG=1",
					"$(inherited)",
				);
				GCC_WARN_64_TO_32_BIT_CONVERSION = YES;
				GCC_WARN_ABOUT_RETURN_TYPE = YES_ERROR;
				GCC_WARN_UNDECLARED_SELECTOR = YES;
				GCC_WARN_UNINITIALIZED_AUTOS = YES_AGGRESSIVE;
				GCC_WARN_UNUSED_FUNCTION = YES;
				GCC_WARN_UNUSED_VARIABLE = YES;
				IPHONEOS_DEPLOYMENT_TARGET = 13.0;
				MTL_ENABLE_DEBUG_INFO = INCLUDE_SOURCE;
				MTL_FAST_MATH = YES;
				ONLY_ACTIVE_ARCH = YES;
				SDKROOT = iphoneos;
				SWIFT_ACTIVE_COMPILATION_CONDITIONS = DEBUG;
				SWIFT_OPTIMIZATION_LEVEL = "-Onone";
			};
			name = Debug;
		};
		A58C1F60233974E5005C8762 /* Release */ = {
			isa = XCBuildConfiguration;
			buildSettings = {
				ALWAYS_SEARCH_USER_PATHS = NO;
				CLANG_ANALYZER_NONNULL = YES;
				CLANG_ANALYZER_NUMBER_OBJECT_CONVERSION = YES_AGGRESSIVE;
				CLANG_CXX_LANGUAGE_STANDARD = "gnu++14";
				CLANG_CXX_LIBRARY = "libc++";
				CLANG_ENABLE_MODULES = YES;
				CLANG_ENABLE_OBJC_ARC = YES;
				CLANG_ENABLE_OBJC_WEAK = YES;
				CLANG_WARN_BLOCK_CAPTURE_AUTORELEASING = YES;
				CLANG_WARN_BOOL_CONVERSION = YES;
				CLANG_WARN_COMMA = YES;
				CLANG_WARN_CONSTANT_CONVERSION = YES;
				CLANG_WARN_DEPRECATED_OBJC_IMPLEMENTATIONS = YES;
				CLANG_WARN_DIRECT_OBJC_ISA_USAGE = YES_ERROR;
				CLANG_WARN_DOCUMENTATION_COMMENTS = YES;
				CLANG_WARN_EMPTY_BODY = YES;
				CLANG_WARN_ENUM_CONVERSION = YES;
				CLANG_WARN_INFINITE_RECURSION = YES;
				CLANG_WARN_INT_CONVERSION = YES;
				CLANG_WARN_NON_LITERAL_NULL_CONVERSION = YES;
				CLANG_WARN_OBJC_IMPLICIT_RETAIN_SELF = YES;
				CLANG_WARN_OBJC_LITERAL_CONVERSION = YES;
				CLANG_WARN_OBJC_ROOT_CLASS = YES_ERROR;
				CLANG_WARN_RANGE_LOOP_ANALYSIS = YES;
				CLANG_WARN_STRICT_PROTOTYPES = YES;
				CLANG_WARN_SUSPICIOUS_MOVE = YES;
				CLANG_WARN_UNGUARDED_AVAILABILITY = YES_AGGRESSIVE;
				CLANG_WARN_UNREACHABLE_CODE = YES;
				CLANG_WARN__DUPLICATE_METHOD_MATCH = YES;
				COPY_PHASE_STRIP = NO;
				DEBUG_INFORMATION_FORMAT = "dwarf-with-dsym";
				ENABLE_NS_ASSERTIONS = NO;
				ENABLE_STRICT_OBJC_MSGSEND = YES;
				GCC_C_LANGUAGE_STANDARD = gnu11;
				GCC_NO_COMMON_BLOCKS = YES;
				GCC_WARN_64_TO_32_BIT_CONVERSION = YES;
				GCC_WARN_ABOUT_RETURN_TYPE = YES_ERROR;
				GCC_WARN_UNDECLARED_SELECTOR = YES;
				GCC_WARN_UNINITIALIZED_AUTOS = YES_AGGRESSIVE;
				GCC_WARN_UNUSED_FUNCTION = YES;
				GCC_WARN_UNUSED_VARIABLE = YES;
				IPHONEOS_DEPLOYMENT_TARGET = 13.0;
				MTL_ENABLE_DEBUG_INFO = NO;
				MTL_FAST_MATH = YES;
				SDKROOT = iphoneos;
				SWIFT_COMPILATION_MODE = wholemodule;
				SWIFT_OPTIMIZATION_LEVEL = "-O";
				VALIDATE_PRODUCT = YES;
			};
			name = Release;
		};
		A58C1F62233974E5005C8762 /* Debug */ = {
			isa = XCBuildConfiguration;
			baseConfigurationReference = 04B0F6B01581C9C275690A5E /* Pods-RedditUIKit.debug.xcconfig */;
			buildSettings = {
				ASSETCATALOG_COMPILER_APPICON_NAME = AppIcon;
				CODE_SIGN_STYLE = Automatic;
				INFOPLIST_FILE = RedditUIKit/Info.plist;
				IPHONEOS_DEPLOYMENT_TARGET = 12.0;
				LD_RUNPATH_SEARCH_PATHS = (
					"$(inherited)",
					"@executable_path/Frameworks",
				);
				PRODUCT_BUNDLE_IDENTIFIER = com.itsjehad.RedditUIKit;
				PRODUCT_NAME = "$(TARGET_NAME)";
				SWIFT_VERSION = 5.0;
				TARGETED_DEVICE_FAMILY = "1,2";
			};
			name = Debug;
		};
		A58C1F63233974E5005C8762 /* Release */ = {
			isa = XCBuildConfiguration;
			baseConfigurationReference = 387B830F0F83EBBAEF0773E4 /* Pods-RedditUIKit.release.xcconfig */;
			buildSettings = {
				ASSETCATALOG_COMPILER_APPICON_NAME = AppIcon;
				CODE_SIGN_STYLE = Automatic;
				INFOPLIST_FILE = RedditUIKit/Info.plist;
				IPHONEOS_DEPLOYMENT_TARGET = 12.0;
				LD_RUNPATH_SEARCH_PATHS = (
					"$(inherited)",
					"@executable_path/Frameworks",
				);
				PRODUCT_BUNDLE_IDENTIFIER = com.itsjehad.RedditUIKit;
				PRODUCT_NAME = "$(TARGET_NAME)";
				SWIFT_VERSION = 5.0;
				TARGETED_DEVICE_FAMILY = "1,2";
			};
			name = Release;
		};
		A58C1F65233974E5005C8762 /* Debug */ = {
			isa = XCBuildConfiguration;
			baseConfigurationReference = 687E217B9EA7F808B41D8BE8 /* Pods-RedditUIKitTests.debug.xcconfig */;
			buildSettings = {
				ALWAYS_EMBED_SWIFT_STANDARD_LIBRARIES = YES;
				BUNDLE_LOADER = "$(TEST_HOST)";
				CODE_SIGN_STYLE = Automatic;
				INFOPLIST_FILE = RedditUIKitTests/Info.plist;
				IPHONEOS_DEPLOYMENT_TARGET = 13.0;
				LD_RUNPATH_SEARCH_PATHS = (
					"$(inherited)",
					"@executable_path/Frameworks",
					"@loader_path/Frameworks",
				);
				PRODUCT_BUNDLE_IDENTIFIER = com.itsjehad.RedditUIKitTests;
				PRODUCT_NAME = "$(TARGET_NAME)";
				SWIFT_VERSION = 5.0;
				TARGETED_DEVICE_FAMILY = "1,2";
				TEST_HOST = "$(BUILT_PRODUCTS_DIR)/RedditUIKit.app/RedditUIKit";
			};
			name = Debug;
		};
		A58C1F66233974E5005C8762 /* Release */ = {
			isa = XCBuildConfiguration;
			baseConfigurationReference = 92BA39E8202A730B637B8387 /* Pods-RedditUIKitTests.release.xcconfig */;
			buildSettings = {
				ALWAYS_EMBED_SWIFT_STANDARD_LIBRARIES = YES;
				BUNDLE_LOADER = "$(TEST_HOST)";
				CODE_SIGN_STYLE = Automatic;
				INFOPLIST_FILE = RedditUIKitTests/Info.plist;
				IPHONEOS_DEPLOYMENT_TARGET = 13.0;
				LD_RUNPATH_SEARCH_PATHS = (
					"$(inherited)",
					"@executable_path/Frameworks",
					"@loader_path/Frameworks",
				);
				PRODUCT_BUNDLE_IDENTIFIER = com.itsjehad.RedditUIKitTests;
				PRODUCT_NAME = "$(TARGET_NAME)";
				SWIFT_VERSION = 5.0;
				TARGETED_DEVICE_FAMILY = "1,2";
				TEST_HOST = "$(BUILT_PRODUCTS_DIR)/RedditUIKit.app/RedditUIKit";
			};
			name = Release;
		};
		A58C1F68233974E5005C8762 /* Debug */ = {
			isa = XCBuildConfiguration;
			baseConfigurationReference = 29660DDFAE5F68130EA4F118 /* Pods-RedditUIKitUITests.debug.xcconfig */;
			buildSettings = {
				ALWAYS_EMBED_SWIFT_STANDARD_LIBRARIES = YES;
				CODE_SIGN_STYLE = Automatic;
				INFOPLIST_FILE = RedditUIKitUITests/Info.plist;
				LD_RUNPATH_SEARCH_PATHS = (
					"$(inherited)",
					"@executable_path/Frameworks",
					"@loader_path/Frameworks",
				);
				PRODUCT_BUNDLE_IDENTIFIER = com.itsjehad.RedditUIKitUITests;
				PRODUCT_NAME = "$(TARGET_NAME)";
				SWIFT_VERSION = 5.0;
				TARGETED_DEVICE_FAMILY = "1,2";
				TEST_TARGET_NAME = RedditUIKit;
			};
			name = Debug;
		};
		A58C1F69233974E5005C8762 /* Release */ = {
			isa = XCBuildConfiguration;
			baseConfigurationReference = 35825A96B858CC990F0EB564 /* Pods-RedditUIKitUITests.release.xcconfig */;
			buildSettings = {
				ALWAYS_EMBED_SWIFT_STANDARD_LIBRARIES = YES;
				CODE_SIGN_STYLE = Automatic;
				INFOPLIST_FILE = RedditUIKitUITests/Info.plist;
				LD_RUNPATH_SEARCH_PATHS = (
					"$(inherited)",
					"@executable_path/Frameworks",
					"@loader_path/Frameworks",
				);
				PRODUCT_BUNDLE_IDENTIFIER = com.itsjehad.RedditUIKitUITests;
				PRODUCT_NAME = "$(TARGET_NAME)";
				SWIFT_VERSION = 5.0;
				TARGETED_DEVICE_FAMILY = "1,2";
				TEST_TARGET_NAME = RedditUIKit;
			};
			name = Release;
		};
/* End XCBuildConfiguration section */

/* Begin XCConfigurationList section */
		A58C1F32233974E4005C8762 /* Build configuration list for PBXProject "RedditUIKit" */ = {
			isa = XCConfigurationList;
			buildConfigurations = (
				A58C1F5F233974E5005C8762 /* Debug */,
				A58C1F60233974E5005C8762 /* Release */,
			);
			defaultConfigurationIsVisible = 0;
			defaultConfigurationName = Release;
		};
		A58C1F61233974E5005C8762 /* Build configuration list for PBXNativeTarget "RedditUIKit" */ = {
			isa = XCConfigurationList;
			buildConfigurations = (
				A58C1F62233974E5005C8762 /* Debug */,
				A58C1F63233974E5005C8762 /* Release */,
			);
			defaultConfigurationIsVisible = 0;
			defaultConfigurationName = Release;
		};
		A58C1F64233974E5005C8762 /* Build configuration list for PBXNativeTarget "RedditUIKitTests" */ = {
			isa = XCConfigurationList;
			buildConfigurations = (
				A58C1F65233974E5005C8762 /* Debug */,
				A58C1F66233974E5005C8762 /* Release */,
			);
			defaultConfigurationIsVisible = 0;
			defaultConfigurationName = Release;
		};
		A58C1F67233974E5005C8762 /* Build configuration list for PBXNativeTarget "RedditUIKitUITests" */ = {
			isa = XCConfigurationList;
			buildConfigurations = (
				A58C1F68233974E5005C8762 /* Debug */,
				A58C1F69233974E5005C8762 /* Release */,
			);
			defaultConfigurationIsVisible = 0;
			defaultConfigurationName = Release;
		};
/* End XCConfigurationList section */
	};
	rootObject = A58C1F2F233974E4005C8762 /* Project object */;
}
